// !$*UTF8*$!
{
	archiveVersion = 1;
	classes = {
	};
	objectVersion = 50;
	objects = {

/* Begin PBXBuildFile section */
		A131DC8A2427832600E24855 /* Player.swift in Sources */ = {isa = PBXBuildFile; fileRef = A131DC892427832600E24855 /* Player.swift */; };
		A17AA0D02423F95D00656A8D /* AppDelegate.swift in Sources */ = {isa = PBXBuildFile; fileRef = A17AA0CF2423F95D00656A8D /* AppDelegate.swift */; };
		A17AA0D22423F95D00656A8D /* SceneDelegate.swift in Sources */ = {isa = PBXBuildFile; fileRef = A17AA0D12423F95D00656A8D /* SceneDelegate.swift */; };
		A17AA0D42423F95D00656A8D /* welcomeScreenVC.swift in Sources */ = {isa = PBXBuildFile; fileRef = A17AA0D32423F95D00656A8D /* welcomeScreenVC.swift */; };
		A17AA0D72423F95D00656A8D /* Main.storyboard in Resources */ = {isa = PBXBuildFile; fileRef = A17AA0D52423F95D00656A8D /* Main.storyboard */; };
		A17AA0D92423F96000656A8D /* Assets.xcassets in Resources */ = {isa = PBXBuildFile; fileRef = A17AA0D82423F96000656A8D /* Assets.xcassets */; };
		A17AA0DC2423F96000656A8D /* LaunchScreen.storyboard in Resources */ = {isa = PBXBuildFile; fileRef = A17AA0DA2423F96000656A8D /* LaunchScreen.storyboard */; };
		A17AA0E72423F96100656A8D /* SwooshTests.swift in Sources */ = {isa = PBXBuildFile; fileRef = A17AA0E62423F96100656A8D /* SwooshTests.swift */; };
		A17AA0F22423F96100656A8D /* SwooshUITests.swift in Sources */ = {isa = PBXBuildFile; fileRef = A17AA0F12423F96100656A8D /* SwooshUITests.swift */; };
		A17AA1012423FBA300656A8D /* BoarderButton.swift in Sources */ = {isa = PBXBuildFile; fileRef = A17AA1002423FBA300656A8D /* BoarderButton.swift */; };
		A1C8123E24269E7F004B0AB8 /* SkillVCViewController.swift in Sources */ = {isa = PBXBuildFile; fileRef = A1C8123D24269E7F004B0AB8 /* SkillVCViewController.swift */; };
		A1C8124024269EA0004B0AB8 /* LeagueViewController.swift in Sources */ = {isa = PBXBuildFile; fileRef = A1C8123F24269EA0004B0AB8 /* LeagueViewController.swift */; };
/* End PBXBuildFile section */

/* Begin PBXContainerItemProxy section */
		A17AA0E32423F96100656A8D /* PBXContainerItemProxy */ = {
			isa = PBXContainerItemProxy;
			containerPortal = A17AA0C42423F95D00656A8D /* Project object */;
			proxyType = 1;
			remoteGlobalIDString = A17AA0CB2423F95D00656A8D;
			remoteInfo = Swoosh;
		};
		A17AA0EE2423F96100656A8D /* PBXContainerItemProxy */ = {
			isa = PBXContainerItemProxy;
			containerPortal = A17AA0C42423F95D00656A8D /* Project object */;
			proxyType = 1;
			remoteGlobalIDString = A17AA0CB2423F95D00656A8D;
			remoteInfo = Swoosh;
		};
/* End PBXContainerItemProxy section */

/* Begin PBXFileReference section */
		A131DC892427832600E24855 /* Player.swift */ = {isa = PBXFileReference; lastKnownFileType = sourcecode.swift; path = Player.swift; sourceTree = "<group>"; };
		A17AA0CC2423F95D00656A8D /* Swoosh.app */ = {isa = PBXFileReference; explicitFileType = wrapper.application; includeInIndex = 0; path = Swoosh.app; sourceTree = BUILT_PRODUCTS_DIR; };
		A17AA0CF2423F95D00656A8D /* AppDelegate.swift */ = {isa = PBXFileReference; lastKnownFileType = sourcecode.swift; path = AppDelegate.swift; sourceTree = "<group>"; };
		A17AA0D12423F95D00656A8D /* SceneDelegate.swift */ = {isa = PBXFileReference; lastKnownFileType = sourcecode.swift; path = SceneDelegate.swift; sourceTree = "<group>"; };
		A17AA0D32423F95D00656A8D /* welcomeScreenVC.swift */ = {isa = PBXFileReference; lastKnownFileType = sourcecode.swift; path = welcomeScreenVC.swift; sourceTree = "<group>"; };
		A17AA0D62423F95D00656A8D /* Base */ = {isa = PBXFileReference; lastKnownFileType = file.storyboard; name = Base; path = Base.lproj/Main.storyboard; sourceTree = "<group>"; };
		A17AA0D82423F96000656A8D /* Assets.xcassets */ = {isa = PBXFileReference; lastKnownFileType = folder.assetcatalog; path = Assets.xcassets; sourceTree = "<group>"; };
		A17AA0DB2423F96000656A8D /* Base */ = {isa = PBXFileReference; lastKnownFileType = file.storyboard; name = Base; path = Base.lproj/LaunchScreen.storyboard; sourceTree = "<group>"; };
		A17AA0DD2423F96000656A8D /* Info.plist */ = {isa = PBXFileReference; lastKnownFileType = text.plist.xml; path = Info.plist; sourceTree = "<group>"; };
		A17AA0E22423F96100656A8D /* SwooshTests.xctest */ = {isa = PBXFileReference; explicitFileType = wrapper.cfbundle; includeInIndex = 0; path = SwooshTests.xctest; sourceTree = BUILT_PRODUCTS_DIR; };
		A17AA0E62423F96100656A8D /* SwooshTests.swift */ = {isa = PBXFileReference; lastKnownFileType = sourcecode.swift; path = SwooshTests.swift; sourceTree = "<group>"; };
		A17AA0E82423F96100656A8D /* Info.plist */ = {isa = PBXFileReference; lastKnownFileType = text.plist.xml; path = Info.plist; sourceTree = "<group>"; };
		A17AA0ED2423F96100656A8D /* SwooshUITests.xctest */ = {isa = PBXFileReference; explicitFileType = wrapper.cfbundle; includeInIndex = 0; path = SwooshUITests.xctest; sourceTree = BUILT_PRODUCTS_DIR; };
		A17AA0F12423F96100656A8D /* SwooshUITests.swift */ = {isa = PBXFileReference; lastKnownFileType = sourcecode.swift; path = SwooshUITests.swift; sourceTree = "<group>"; };
		A17AA0F32423F96100656A8D /* Info.plist */ = {isa = PBXFileReference; lastKnownFileType = text.plist.xml; path = Info.plist; sourceTree = "<group>"; };
		A17AA1002423FBA300656A8D /* BoarderButton.swift */ = {isa = PBXFileReference; lastKnownFileType = sourcecode.swift; path = BoarderButton.swift; sourceTree = "<group>"; };
		A1C8123D24269E7F004B0AB8 /* SkillVCViewController.swift */ = {isa = PBXFileReference; lastKnownFileType = sourcecode.swift; path = SkillVCViewController.swift; sourceTree = "<group>"; };
		A1C8123F24269EA0004B0AB8 /* LeagueViewController.swift */ = {isa = PBXFileReference; lastKnownFileType = sourcecode.swift; path = LeagueViewController.swift; sourceTree = "<group>"; };
/* End PBXFileReference section */

/* Begin PBXFrameworksBuildPhase section */
		A17AA0C92423F95D00656A8D /* Frameworks */ = {
			isa = PBXFrameworksBuildPhase;
			buildActionMask = 2147483647;
			files = (
			);
			runOnlyForDeploymentPostprocessing = 0;
		};
		A17AA0DF2423F96100656A8D /* Frameworks */ = {
			isa = PBXFrameworksBuildPhase;
			buildActionMask = 2147483647;
			files = (
			);
			runOnlyForDeploymentPostprocessing = 0;
		};
		A17AA0EA2423F96100656A8D /* Frameworks */ = {
			isa = PBXFrameworksBuildPhase;
			buildActionMask = 2147483647;
			files = (
			);
			runOnlyForDeploymentPostprocessing = 0;
		};
/* End PBXFrameworksBuildPhase section */

/* Begin PBXGroup section */
		A110030424268D99001FBC14 /* Controllers */ = {
			isa = PBXGroup;
			children = (
				A17AA0D32423F95D00656A8D /* welcomeScreenVC.swift */,
				A1C8123D24269E7F004B0AB8 /* SkillVCViewController.swift */,
				A1C8123F24269EA0004B0AB8 /* LeagueViewController.swift */,
			);
			path = Controllers;
			sourceTree = "<group>";
		};
		A110030524268DAB001FBC14 /* Model */ = {
			isa = PBXGroup;
			children = (
				A131DC892427832600E24855 /* Player.swift */,
			);
			path = Model;
			sourceTree = "<group>";
		};
		A17AA0C32423F95D00656A8D = {
			isa = PBXGroup;
			children = (
				A17AA0CE2423F95D00656A8D /* Swoosh */,
				A17AA0E52423F96100656A8D /* SwooshTests */,
				A17AA0F02423F96100656A8D /* SwooshUITests */,
				A17AA0CD2423F95D00656A8D /* Products */,
			);
			sourceTree = "<group>";
		};
		A17AA0CD2423F95D00656A8D /* Products */ = {
			isa = PBXGroup;
			children = (
				A17AA0CC2423F95D00656A8D /* Swoosh.app */,
				A17AA0E22423F96100656A8D /* SwooshTests.xctest */,
				A17AA0ED2423F96100656A8D /* SwooshUITests.xctest */,
			);
			name = Products;
			sourceTree = "<group>";
		};
		A17AA0CE2423F95D00656A8D /* Swoosh */ = {
			isa = PBXGroup;
			children = (
				A110030524268DAB001FBC14 /* Model */,
				A110030424268D99001FBC14 /* Controllers */,
				A17AA0FF2423FB6200656A8D /* Views */,
				A17AA0CF2423F95D00656A8D /* AppDelegate.swift */,
				A17AA0D12423F95D00656A8D /* SceneDelegate.swift */,
				A17AA0D52423F95D00656A8D /* Main.storyboard */,
				A17AA0D82423F96000656A8D /* Assets.xcassets */,
				A17AA0DA2423F96000656A8D /* LaunchScreen.storyboard */,
				A17AA0DD2423F96000656A8D /* Info.plist */,
			);
			path = Swoosh;
			sourceTree = "<group>";
		};
		A17AA0E52423F96100656A8D /* SwooshTests */ = {
			isa = PBXGroup;
			children = (
				A17AA0E62423F96100656A8D /* SwooshTests.swift */,
				A17AA0E82423F96100656A8D /* Info.plist */,
			);
			path = SwooshTests;
			sourceTree = "<group>";
		};
		A17AA0F02423F96100656A8D /* SwooshUITests */ = {
			isa = PBXGroup;
			children = (
				A17AA0F12423F96100656A8D /* SwooshUITests.swift */,
				A17AA0F32423F96100656A8D /* Info.plist */,
			);
			path = SwooshUITests;
			sourceTree = "<group>";
		};
		A17AA0FF2423FB6200656A8D /* Views */ = {
			isa = PBXGroup;
			children = (
				A17AA1002423FBA300656A8D /* BoarderButton.swift */,
			);
			path = Views;
			sourceTree = "<group>";
		};
/* End PBXGroup section */

/* Begin PBXNativeTarget section */
		A17AA0CB2423F95D00656A8D /* Swoosh */ = {
			isa = PBXNativeTarget;
			buildConfigurationList = A17AA0F62423F96100656A8D /* Build configuration list for PBXNativeTarget "Swoosh" */;
			buildPhases = (
				A17AA0C82423F95D00656A8D /* Sources */,
				A17AA0C92423F95D00656A8D /* Frameworks */,
				A17AA0CA2423F95D00656A8D /* Resources */,
			);
			buildRules = (
			);
			dependencies = (
			);
			name = Swoosh;
			productName = Swoosh;
			productReference = A17AA0CC2423F95D00656A8D /* Swoosh.app */;
			productType = "com.apple.product-type.application";
		};
		A17AA0E12423F96100656A8D /* SwooshTests */ = {
			isa = PBXNativeTarget;
			buildConfigurationList = A17AA0F92423F96100656A8D /* Build configuration list for PBXNativeTarget "SwooshTests" */;
			buildPhases = (
				A17AA0DE2423F96100656A8D /* Sources */,
				A17AA0DF2423F96100656A8D /* Frameworks */,
				A17AA0E02423F96100656A8D /* Resources */,
			);
			buildRules = (
			);
			dependencies = (
				A17AA0E42423F96100656A8D /* PBXTargetDependency */,
			);
			name = SwooshTests;
			productName = SwooshTests;
			productReference = A17AA0E22423F96100656A8D /* SwooshTests.xctest */;
			productType = "com.apple.product-type.bundle.unit-test";
		};
		A17AA0EC2423F96100656A8D /* SwooshUITests */ = {
			isa = PBXNativeTarget;
			buildConfigurationList = A17AA0FC2423F96100656A8D /* Build configuration list for PBXNativeTarget "SwooshUITests" */;
			buildPhases = (
				A17AA0E92423F96100656A8D /* Sources */,
				A17AA0EA2423F96100656A8D /* Frameworks */,
				A17AA0EB2423F96100656A8D /* Resources */,
			);
			buildRules = (
			);
			dependencies = (
				A17AA0EF2423F96100656A8D /* PBXTargetDependency */,
			);
			name = SwooshUITests;
			productName = SwooshUITests;
			productReference = A17AA0ED2423F96100656A8D /* SwooshUITests.xctest */;
			productType = "com.apple.product-type.bundle.ui-testing";
		};
/* End PBXNativeTarget section */

/* Begin PBXProject section */
		A17AA0C42423F95D00656A8D /* Project object */ = {
			isa = PBXProject;
			attributes = {
				LastSwiftUpdateCheck = 1130;
				LastUpgradeCheck = 1130;
				ORGANIZATIONNAME = lebose;
				TargetAttributes = {
					A17AA0CB2423F95D00656A8D = {
						CreatedOnToolsVersion = 11.3.1;
					};
					A17AA0E12423F96100656A8D = {
						CreatedOnToolsVersion = 11.3.1;
						TestTargetID = A17AA0CB2423F95D00656A8D;
					};
					A17AA0EC2423F96100656A8D = {
						CreatedOnToolsVersion = 11.3.1;
						TestTargetID = A17AA0CB2423F95D00656A8D;
					};
				};
			};
			buildConfigurationList = A17AA0C72423F95D00656A8D /* Build configuration list for PBXProject "Swoosh" */;
			compatibilityVersion = "Xcode 9.3";
			developmentRegion = en;
			hasScannedForEncodings = 0;
			knownRegions = (
				en,
				Base,
			);
			mainGroup = A17AA0C32423F95D00656A8D;
			productRefGroup = A17AA0CD2423F95D00656A8D /* Products */;
			projectDirPath = "";
			projectRoot = "";
			targets = (
				A17AA0CB2423F95D00656A8D /* Swoosh */,
				A17AA0E12423F96100656A8D /* SwooshTests */,
				A17AA0EC2423F96100656A8D /* SwooshUITests */,
			);
		};
/* End PBXProject section */

/* Begin PBXResourcesBuildPhase section */
		A17AA0CA2423F95D00656A8D /* Resources */ = {
			isa = PBXResourcesBuildPhase;
			buildActionMask = 2147483647;
			files = (
				A17AA0DC2423F96000656A8D /* LaunchScreen.storyboard in Resources */,
				A17AA0D92423F96000656A8D /* Assets.xcassets in Resources */,
				A17AA0D72423F95D00656A8D /* Main.storyboard in Resources */,
			);
			runOnlyForDeploymentPostprocessing = 0;
		};
		A17AA0E02423F96100656A8D /* Resources */ = {
			isa = PBXResourcesBuildPhase;
			buildActionMask = 2147483647;
			files = (
			);
			runOnlyForDeploymentPostprocessing = 0;
		};
		A17AA0EB2423F96100656A8D /* Resources */ = {
			isa = PBXResourcesBuildPhase;
			buildActionMask = 2147483647;
			files = (
			);
			runOnlyForDeploymentPostprocessing = 0;
		};
/* End PBXResourcesBuildPhase section */

/* Begin PBXSourcesBuildPhase section */
		A17AA0C82423F95D00656A8D /* Sources */ = {
			isa = PBXSourcesBuildPhase;
			buildActionMask = 2147483647;
			files = (
				A1C8123E24269E7F004B0AB8 /* SkillVCViewController.swift in Sources */,
				A1C8124024269EA0004B0AB8 /* LeagueViewController.swift in Sources */,
				A17AA0D42423F95D00656A8D /* welcomeScreenVC.swift in Sources */,
				A17AA1012423FBA300656A8D /* BoarderButton.swift in Sources */,
				A131DC8A2427832600E24855 /* Player.swift in Sources */,
				A17AA0D02423F95D00656A8D /* AppDelegate.swift in Sources */,
				A17AA0D22423F95D00656A8D /* SceneDelegate.swift in Sources */,
			);
			runOnlyForDeploymentPostprocessing = 0;
		};
		A17AA0DE2423F96100656A8D /* Sources */ = {
			isa = PBXSourcesBuildPhase;
			buildActionMask = 2147483647;
			files = (
				A17AA0E72423F96100656A8D /* SwooshTests.swift in Sources */,
			);
			runOnlyForDeploymentPostprocessing = 0;
		};
		A17AA0E92423F96100656A8D /* Sources */ = {
			isa = PBXSourcesBuildPhase;
			buildActionMask = 2147483647;
			files = (
				A17AA0F22423F96100656A8D /* SwooshUITests.swift in Sources */,
			);
			runOnlyForDeploymentPostprocessing = 0;
		};
/* End PBXSourcesBuildPhase section */

/* Begin PBXTargetDependency section */
		A17AA0E42423F96100656A8D /* PBXTargetDependency */ = {
			isa = PBXTargetDependency;
			target = A17AA0CB2423F95D00656A8D /* Swoosh */;
			targetProxy = A17AA0E32423F96100656A8D /* PBXContainerItemProxy */;
		};
		A17AA0EF2423F96100656A8D /* PBXTargetDependency */ = {
			isa = PBXTargetDependency;
			target = A17AA0CB2423F95D00656A8D /* Swoosh */;
			targetProxy = A17AA0EE2423F96100656A8D /* PBXContainerItemProxy */;
		};
/* End PBXTargetDependency section */

/* Begin PBXVariantGroup section */
		A17AA0D52423F95D00656A8D /* Main.storyboard */ = {
			isa = PBXVariantGroup;
			children = (
				A17AA0D62423F95D00656A8D /* Base */,
			);
			name = Main.storyboard;
			sourceTree = "<group>";
		};
		A17AA0DA2423F96000656A8D /* LaunchScreen.storyboard */ = {
			isa = PBXVariantGroup;
			children = (
				A17AA0DB2423F96000656A8D /* Base */,
			);
			name = LaunchScreen.storyboard;
			sourceTree = "<group>";
		};
/* End PBXVariantGroup section */

/* Begin XCBuildConfiguration section */
		A17AA0F42423F96100656A8D /* Debug */ = {
			isa = XCBuildConfiguration;
			buildSettings = {
				ALWAYS_SEARCH_USER_PATHS = NO;
				CLANG_ANALYZER_NONNULL = YES;
				CLANG_ANALYZER_NUMBER_OBJECT_CONVERSION = YES_AGGRESSIVE;
				CLANG_CXX_LANGUAGE_STANDARD = "gnu++14";
				CLANG_CXX_LIBRARY = "libc++";
				CLANG_ENABLE_MODULES = YES;
				CLANG_ENABLE_OBJC_ARC = YES;
				CLANG_ENABLE_OBJC_WEAK = YES;
				CLANG_WARN_BLOCK_CAPTURE_AUTORELEASING = YES;
				CLANG_WARN_BOOL_CONVERSION = YES;
				CLANG_WARN_COMMA = YES;
				CLANG_WARN_CONSTANT_CONVERSION = YES;
				CLANG_WARN_DEPRECATED_OBJC_IMPLEMENTATIONS = YES;
				CLANG_WARN_DIRECT_OBJC_ISA_USAGE = YES_ERROR;
				CLANG_WARN_DOCUMENTATION_COMMENTS = YES;
				CLANG_WARN_EMPTY_BODY = YES;
				CLANG_WARN_ENUM_CONVERSION = YES;
				CLANG_WARN_INFINITE_RECURSION = YES;
				CLANG_WARN_INT_CONVERSION = YES;
				CLANG_WARN_NON_LITERAL_NULL_CONVERSION = YES;
				CLANG_WARN_OBJC_IMPLICIT_RETAIN_SELF = YES;
				CLANG_WARN_OBJC_LITERAL_CONVERSION = YES;
				CLANG_WARN_OBJC_ROOT_CLASS = YES_ERROR;
				CLANG_WARN_RANGE_LOOP_ANALYSIS = YES;
				CLANG_WARN_STRICT_PROTOTYPES = YES;
				CLANG_WARN_SUSPICIOUS_MOVE = YES;
				CLANG_WARN_UNGUARDED_AVAILABILITY = YES_AGGRESSIVE;
				CLANG_WARN_UNREACHABLE_CODE = YES;
				CLANG_WARN__DUPLICATE_METHOD_MATCH = YES;
				COPY_PHASE_STRIP = NO;
				DEBUG_INFORMATION_FORMAT = dwarf;
				ENABLE_STRICT_OBJC_MSGSEND = YES;
				ENABLE_TESTABILITY = YES;
				GCC_C_LANGUAGE_STANDARD = gnu11;
				GCC_DYNAMIC_NO_PIC = NO;
				GCC_NO_COMMON_BLOCKS = YES;
				GCC_OPTIMIZATION_LEVEL = 0;
				GCC_PREPROCESSOR_DEFINITIONS = (
					"DEBUG=1",
					"$(inherited)",
				);
				GCC_WARN_64_TO_32_BIT_CONVERSION = YES;
				GCC_WARN_ABOUT_RETURN_TYPE = YES_ERROR;
				GCC_WARN_UNDECLARED_SELECTOR = YES;
				GCC_WARN_UNINITIALIZED_AUTOS = YES_AGGRESSIVE;
				GCC_WARN_UNUSED_FUNCTION = YES;
				GCC_WARN_UNUSED_VARIABLE = YES;
				IPHONEOS_DEPLOYMENT_TARGET = 13.2;
				MTL_ENABLE_DEBUG_INFO = INCLUDE_SOURCE;
				MTL_FAST_MATH = YES;
				ONLY_ACTIVE_ARCH = YES;
				SDKROOT = iphoneos;
				SWIFT_ACTIVE_COMPILATION_CONDITIONS = DEBUG;
				SWIFT_OPTIMIZATION_LEVEL = "-Onone";
			};
			name = Debug;
		};
		A17AA0F52423F96100656A8D /* Release */ = {
			isa = XCBuildConfiguration;
			buildSettings = {
				ALWAYS_SEARCH_USER_PATHS = NO;
				CLANG_ANALYZER_NONNULL = YES;
				CLANG_ANALYZER_NUMBER_OBJECT_CONVERSION = YES_AGGRESSIVE;
				CLANG_CXX_LANGUAGE_STANDARD = "gnu++14";
				CLANG_CXX_LIBRARY = "libc++";
				CLANG_ENABLE_MODULES = YES;
				CLANG_ENABLE_OBJC_ARC = YES;
				CLANG_ENABLE_OBJC_WEAK = YES;
				CLANG_WARN_BLOCK_CAPTURE_AUTORELEASING = YES;
				CLANG_WARN_BOOL_CONVERSION = YES;
				CLANG_WARN_COMMA = YES;
				CLANG_WARN_CONSTANT_CONVERSION = YES;
				CLANG_WARN_DEPRECATED_OBJC_IMPLEMENTATIONS = YES;
				CLANG_WARN_DIRECT_OBJC_ISA_USAGE = YES_ERROR;
				CLANG_WARN_DOCUMENTATION_COMMENTS = YES;
				CLANG_WARN_EMPTY_BODY = YES;
				CLANG_WARN_ENUM_CONVERSION = YES;
				CLANG_WARN_INFINITE_RECURSION = YES;
				CLANG_WARN_INT_CONVERSION = YES;
				CLANG_WARN_NON_LITERAL_NULL_CONVERSION = YES;
				CLANG_WARN_OBJC_IMPLICIT_RETAIN_SELF = YES;
				CLANG_WARN_OBJC_LITERAL_CONVERSION = YES;
				CLANG_WARN_OBJC_ROOT_CLASS = YES_ERROR;
				CLANG_WARN_RANGE_LOOP_ANALYSIS = YES;
				CLANG_WARN_STRICT_PROTOTYPES = YES;
				CLANG_WARN_SUSPICIOUS_MOVE = YES;
				CLANG_WARN_UNGUARDED_AVAILABILITY = YES_AGGRESSIVE;
				CLANG_WARN_UNREACHABLE_CODE = YES;
				CLANG_WARN__DUPLICATE_METHOD_MATCH = YES;
				COPY_PHASE_STRIP = NO;
				DEBUG_INFORMATION_FORMAT = "dwarf-with-dsym";
				ENABLE_NS_ASSERTIONS = NO;
				ENABLE_STRICT_OBJC_MSGSEND = YES;
				GCC_C_LANGUAGE_STANDARD = gnu11;
				GCC_NO_COMMON_BLOCKS = YES;
				GCC_WARN_64_TO_32_BIT_CONVERSION = YES;
				GCC_WARN_ABOUT_RETURN_TYPE = YES_ERROR;
				GCC_WARN_UNDECLARED_SELECTOR = YES;
				GCC_WARN_UNINITIALIZED_AUTOS = YES_AGGRESSIVE;
				GCC_WARN_UNUSED_FUNCTION = YES;
				GCC_WARN_UNUSED_VARIABLE = YES;
				IPHONEOS_DEPLOYMENT_TARGET = 13.2;
				MTL_ENABLE_DEBUG_INFO = NO;
				MTL_FAST_MATH = YES;
				SDKROOT = iphoneos;
				SWIFT_COMPILATION_MODE = wholemodule;
				SWIFT_OPTIMIZATION_LEVEL = "-O";
				VALIDATE_PRODUCT = YES;
			};
			name = Release;
		};
		A17AA0F72423F96100656A8D /* Debug */ = {
			isa = XCBuildConfiguration;
			buildSettings = {
				ASSETCATALOG_COMPILER_APPICON_NAME = AppIcon;
				CODE_SIGN_STYLE = Automatic;
				INFOPLIST_FILE = Swoosh/Info.plist;
				LD_RUNPATH_SEARCH_PATHS = (
					"$(inherited)",
					"@executable_path/Frameworks",
				);
				PRODUCT_BUNDLE_IDENTIFIER = "Front-End.Swoosh";
				PRODUCT_NAME = "$(TARGET_NAME)";
				SWIFT_VERSION = 5.0;
				TARGETED_DEVICE_FAMILY = "1,2";
			};
			name = Debug;
		};
		A17AA0F82423F96100656A8D /* Release */ = {
			isa = XCBuildConfiguration;
			buildSettings = {
				ASSETCATALOG_COMPILER_APPICON_NAME = AppIcon;
				CODE_SIGN_STYLE = Automatic;
				INFOPLIST_FILE = Swoosh/Info.plist;
				LD_RUNPATH_SEARCH_PATHS = (
					"$(inherited)",
					"@executable_path/Frameworks",
				);
				PRODUCT_BUNDLE_IDENTIFIER = "Front-End.Swoosh";
				PRODUCT_NAME = "$(TARGET_NAME)";
				SWIFT_VERSION = 5.0;
				TARGETED_DEVICE_FAMILY = "1,2";
			};
			name = Release;
		};
		A17AA0FA2423F96100656A8D /* Debug */ = {
			isa = XCBuildConfiguration;
			buildSettings = {
				ALWAYS_EMBED_SWIFT_STANDARD_LIBRARIES = YES;
				BUNDLE_LOADER = "$(TEST_HOST)";
				CODE_SIGN_STYLE = Automatic;
				INFOPLIST_FILE = SwooshTests/Info.plist;
				IPHONEOS_DEPLOYMENT_TARGET = 13.2;
				LD_RUNPATH_SEARCH_PATHS = (
					"$(inherited)",
					"@executable_path/Frameworks",
					"@loader_path/Frameworks",
				);
				PRODUCT_BUNDLE_IDENTIFIER = "Front-End.SwooshTests";
				PRODUCT_NAME = "$(TARGET_NAME)";
				SWIFT_VERSION = 5.0;
				TARGETED_DEVICE_FAMILY = "1,2";
				TEST_HOST = "$(BUILT_PRODUCTS_DIR)/Swoosh.app/Swoosh";
			};
			name = Debug;
		};
		A17AA0FB2423F96100656A8D /* Release */ = {
			isa = XCBuildConfiguration;
			buildSettings = {
				ALWAYS_EMBED_SWIFT_STANDARD_LIBRARIES = YES;
				BUNDLE_LOADER = "$(TEST_HOST)";
				CODE_SIGN_STYLE = Automatic;
				INFOPLIST_FILE = SwooshTests/Info.plist;
				IPHONEOS_DEPLOYMENT_TARGET = 13.2;
				LD_RUNPATH_SEARCH_PATHS = (
					"$(inherited)",
					"@executable_path/Frameworks",
					"@loader_path/Frameworks",
				);
				PRODUCT_BUNDLE_IDENTIFIER = "Front-End.SwooshTests";
				PRODUCT_NAME = "$(TARGET_NAME)";
				SWIFT_VERSION = 5.0;
				TARGETED_DEVICE_FAMILY = "1,2";
				TEST_HOST = "$(BUILT_PRODUCTS_DIR)/Swoosh.app/Swoosh";
			};
			name = Release;
		};
		A17AA0FD2423F96100656A8D /* Debug */ = {
			isa = XCBuildConfiguration;
			buildSettings = {
				ALWAYS_EMBED_SWIFT_STANDARD_LIBRARIES = YES;
				CODE_SIGN_STYLE = Automatic;
				INFOPLIST_FILE = SwooshUITests/Info.plist;
				LD_RUNPATH_SEARCH_PATHS = (
					"$(inherited)",
					"@executable_path/Frameworks",
					"@loader_path/Frameworks",
				);
				PRODUCT_BUNDLE_IDENTIFIER = "Front-End.SwooshUITests";
				PRODUCT_NAME = "$(TARGET_NAME)";
				SWIFT_VERSION = 5.0;
				TARGETED_DEVICE_FAMILY = "1,2";
				TEST_TARGET_NAME = Swoosh;
			};
			name = Debug;
		};
		A17AA0FE2423F96100656A8D /* Release */ = {
			isa = XCBuildConfiguration;
			buildSettings = {
				ALWAYS_EMBED_SWIFT_STANDARD_LIBRARIES = YES;
				CODE_SIGN_STYLE = Automatic;
				INFOPLIST_FILE = SwooshUITests/Info.plist;
				LD_RUNPATH_SEARCH_PATHS = (
					"$(inherited)",
					"@executable_path/Frameworks",
					"@loader_path/Frameworks",
				);
				PRODUCT_BUNDLE_IDENTIFIER = "Front-End.SwooshUITests";
				PRODUCT_NAME = "$(TARGET_NAME)";
				SWIFT_VERSION = 5.0;
				TARGETED_DEVICE_FAMILY = "1,2";
				TEST_TARGET_NAME = Swoosh;
			};
			name = Release;
		};
/* End XCBuildConfiguration section */

/* Begin XCConfigurationList section */
		A17AA0C72423F95D00656A8D /* Build configuration list for PBXProject "Swoosh" */ = {
			isa = XCConfigurationList;
			buildConfigurations = (
				A17AA0F42423F96100656A8D /* Debug */,
				A17AA0F52423F96100656A8D /* Release */,
			);
			defaultConfigurationIsVisible = 0;
			defaultConfigurationName = Release;
		};
		A17AA0F62423F96100656A8D /* Build configuration list for PBXNativeTarget "Swoosh" */ = {
			isa = XCConfigurationList;
			buildConfigurations = (
				A17AA0F72423F96100656A8D /* Debug */,
				A17AA0F82423F96100656A8D /* Release */,
			);
			defaultConfigurationIsVisible = 0;
			defaultConfigurationName = Release;
		};
		A17AA0F92423F96100656A8D /* Build configuration list for PBXNativeTarget "SwooshTests" */ = {
			isa = XCConfigurationList;
			buildConfigurations = (
				A17AA0FA2423F96100656A8D /* Debug */,
				A17AA0FB2423F96100656A8D /* Release */,
			);
			defaultConfigurationIsVisible = 0;
			defaultConfigurationName = Release;
		};
		A17AA0FC2423F96100656A8D /* Build configuration list for PBXNativeTarget "SwooshUITests" */ = {
			isa = XCConfigurationList;
			buildConfigurations = (
				A17AA0FD2423F96100656A8D /* Debug */,
				A17AA0FE2423F96100656A8D /* Release */,
			);
			defaultConfigurationIsVisible = 0;
			defaultConfigurationName = Release;
		};
/* End XCConfigurationList section */
	};
	rootObject = A17AA0C42423F95D00656A8D /* Project object */;
}
